
Microsoft Visual Studio Solution File, Format Version 12.00
# Visual Studio Version 16
VisualStudioVersion = 16.0.31729.503
MinimumVisualStudioVersion = 10.0.40219.1
Project("{8BC9CEB8-8B4A-11D0-8D11-00A0C91BC942}") = "Zadatak2_nastavak", "Zadatak2_nastavak.vcxproj", "{58EC25C9-6DC6-402E-A939-4F7A0B3EC00A}"
EndProject
Global
	GlobalSection(SolutionConfigurationPlatforms) = preSolution
		Debug|x64 = Debug|x64
		Debug|x86 = Debug|x86
		Release|x64 = Release|x64
		Release|x86 = Release|x86
	EndGlobalSection
	GlobalSection(ProjectConfigurationPlatforms) = postSolution
		{58EC25C9-6DC6-402E-A939-4F7A0B3EC00A}.Debug|x64.ActiveCfg = Debug|x64
		{58EC25C9-6DC6-402E-A939-4F7A0B3EC00A}.Debug|x64.Build.0 = Debug|x64
		{58EC25C9-6DC6-402E-A939-4F7A0B3EC00A}.Debug|x86.ActiveCfg = Debug|Win32
		{58EC25C9-6DC6-402E-A939-4F7A0B3EC00A}.Debug|x86.Build.0 = Debug|Win32
		{58EC25C9-6DC6-402E-A939-4F7A0B3EC00A}.Release|x64.ActiveCfg = Release|x64
		{58EC25C9-6DC6-402E-A939-4F7A0B3EC00A}.Release|x64.Build.0 = Release|x64
		{58EC25C9-6DC6-402E-A939-4F7A0B3EC00A}.Release|x86.ActiveCfg = Release|Win32
		{58EC25C9-6DC6-402E-A939-4F7A0B3EC00A}.Release|x86.Build.0 = Release|Win32
	EndGlobalSection
	GlobalSection(SolutionProperties) = preSolution
		HideSolutionNode = FALSE
	EndGlobalSection
	GlobalSection(ExtensibilityGlobals) = postSolution
		SolutionGuid = {24D4FE1F-6CA1-4CFF-A762-0AC90644A67E}
	EndGlobalSection
EndGlobal
